// !$*UTF8*$!
{
	archiveVersion = 1;
	classes = {
	};
	objectVersion = 46;
	objects = {

/* Begin PBXAggregateTarget section */
		Cachy::CachyPackageTests::ProductTarget /* CachyPackageTests */ = {
			isa = PBXAggregateTarget;
			buildConfigurationList = OBJ_41 /* Build configuration list for PBXAggregateTarget "CachyPackageTests" */;
			buildPhases = (
			);
			dependencies = (
				OBJ_44 /* PBXTargetDependency */,
			);
			name = CachyPackageTests;
			productName = CachyPackageTests;
		};
/* End PBXAggregateTarget section */

/* Begin PBXBuildFile section */
		8B64E2B0B8A3EC2FF59B9689 /* Pods_CachyPackageDescription.framework in Frameworks */ = {isa = PBXBuildFile; fileRef = 51A05123B45B98BE699FC6D1 /* Pods_CachyPackageDescription.framework */; };
		ACFA1C8CDF3B26C0C453AC0C /* Pods_Cachy.framework in Frameworks */ = {isa = PBXBuildFile; fileRef = 419555A88E3BA8DA826534CE /* Pods_Cachy.framework */; };
		E05EDDD06DBF04C8905AA18D /* Pods_CachyTests.framework in Frameworks */ = {isa = PBXBuildFile; fileRef = 574475AE4BEAE1F78CDF9467 /* Pods_CachyTests.framework */; };
		OBJ_29 /* Cachy.swift in Sources */ = {isa = PBXBuildFile; fileRef = OBJ_9 /* Cachy.swift */; };
		OBJ_30 /* CachyLoader.swift in Sources */ = {isa = PBXBuildFile; fileRef = OBJ_10 /* CachyLoader.swift */; };
		OBJ_31 /* CachyObject.swift in Sources */ = {isa = PBXBuildFile; fileRef = OBJ_11 /* CachyObject.swift */; };
		OBJ_32 /* CachyUIImage.swift in Sources */ = {isa = PBXBuildFile; fileRef = OBJ_12 /* CachyUIImage.swift */; };
		OBJ_39 /* Package.swift in Sources */ = {isa = PBXBuildFile; fileRef = OBJ_6 /* Package.swift */; };
		OBJ_50 /* CachyTests.swift in Sources */ = {isa = PBXBuildFile; fileRef = OBJ_15 /* CachyTests.swift */; };
		OBJ_51 /* XCTestManifests.swift in Sources */ = {isa = PBXBuildFile; fileRef = OBJ_16 /* XCTestManifests.swift */; };
		OBJ_53 /* Cachy.framework in Frameworks */ = {isa = PBXBuildFile; fileRef = Cachy::Cachy::Product /* Cachy.framework */; };
/* End PBXBuildFile section */

/* Begin PBXFileReference section */
		024371356B827B9F5015B911 /* Pods-CachyPackageDescription.debug.xcconfig */ = {isa = PBXFileReference; includeInIndex = 1; lastKnownFileType = text.xcconfig; name = "Pods-CachyPackageDescription.debug.xcconfig"; path = "Target Support Files/Pods-CachyPackageDescription/Pods-CachyPackageDescription.debug.xcconfig"; sourceTree = "<group>"; };
		03EE67DCB2253A4AAF8CFECA /* Pods-Cachy.release.xcconfig */ = {isa = PBXFileReference; includeInIndex = 1; lastKnownFileType = text.xcconfig; name = "Pods-Cachy.release.xcconfig"; path = "Target Support Files/Pods-Cachy/Pods-Cachy.release.xcconfig"; sourceTree = "<group>"; };
		40671C1F4136C0A20894D9CC /* Pods-CachyTests.release.xcconfig */ = {isa = PBXFileReference; includeInIndex = 1; lastKnownFileType = text.xcconfig; name = "Pods-CachyTests.release.xcconfig"; path = "Target Support Files/Pods-CachyTests/Pods-CachyTests.release.xcconfig"; sourceTree = "<group>"; };
		419555A88E3BA8DA826534CE /* Pods_Cachy.framework */ = {isa = PBXFileReference; explicitFileType = wrapper.framework; includeInIndex = 0; path = Pods_Cachy.framework; sourceTree = BUILT_PRODUCTS_DIR; };
		51A05123B45B98BE699FC6D1 /* Pods_CachyPackageDescription.framework */ = {isa = PBXFileReference; explicitFileType = wrapper.framework; includeInIndex = 0; path = Pods_CachyPackageDescription.framework; sourceTree = BUILT_PRODUCTS_DIR; };
		574475AE4BEAE1F78CDF9467 /* Pods_CachyTests.framework */ = {isa = PBXFileReference; explicitFileType = wrapper.framework; includeInIndex = 0; path = Pods_CachyTests.framework; sourceTree = BUILT_PRODUCTS_DIR; };
		ADDC2F416A9FFF37EB687ABC /* Pods-CachyTests.debug.xcconfig */ = {isa = PBXFileReference; includeInIndex = 1; lastKnownFileType = text.xcconfig; name = "Pods-CachyTests.debug.xcconfig"; path = "Target Support Files/Pods-CachyTests/Pods-CachyTests.debug.xcconfig"; sourceTree = "<group>"; };
		B3D990A6BD463FDB7E472297 /* Pods-CachyPackageDescription.release.xcconfig */ = {isa = PBXFileReference; includeInIndex = 1; lastKnownFileType = text.xcconfig; name = "Pods-CachyPackageDescription.release.xcconfig"; path = "Target Support Files/Pods-CachyPackageDescription/Pods-CachyPackageDescription.release.xcconfig"; sourceTree = "<group>"; };
		C47FD5F3413D46AB0CD1EC74 /* Pods-Cachy.debug.xcconfig */ = {isa = PBXFileReference; includeInIndex = 1; lastKnownFileType = text.xcconfig; name = "Pods-Cachy.debug.xcconfig"; path = "Target Support Files/Pods-Cachy/Pods-Cachy.debug.xcconfig"; sourceTree = "<group>"; };
		Cachy::Cachy::Product /* Cachy.framework */ = {isa = PBXFileReference; path = Cachy.framework; sourceTree = BUILT_PRODUCTS_DIR; };
		Cachy::CachyTests::Product /* CachyTests.xctest */ = {isa = PBXFileReference; path = CachyTests.xctest; sourceTree = BUILT_PRODUCTS_DIR; };
		OBJ_10 /* CachyLoader.swift */ = {isa = PBXFileReference; path = CachyLoader.swift; sourceTree = "<group>"; };
		OBJ_11 /* CachyObject.swift */ = {isa = PBXFileReference; path = CachyObject.swift; sourceTree = "<group>"; };
		OBJ_12 /* CachyUIImage.swift */ = {isa = PBXFileReference; path = CachyUIImage.swift; sourceTree = "<group>"; };
		OBJ_15 /* CachyTests.swift */ = {isa = PBXFileReference; path = CachyTests.swift; sourceTree = "<group>"; };
		OBJ_16 /* XCTestManifests.swift */ = {isa = PBXFileReference; path = XCTestManifests.swift; sourceTree = "<group>"; };
		OBJ_20 /* Example */ = {isa = PBXFileReference; path = Example; sourceTree = SOURCE_ROOT; };
		OBJ_21 /* LICENSE */ = {isa = PBXFileReference; path = LICENSE; sourceTree = "<group>"; };
		OBJ_22 /* CachyKit.podspec */ = {isa = PBXFileReference; path = CachyKit.podspec; sourceTree = "<group>"; };
		OBJ_23 /* README.md */ = {isa = PBXFileReference; path = README.md; sourceTree = "<group>"; };
		OBJ_6 /* Package.swift */ = {isa = PBXFileReference; explicitFileType = sourcecode.swift; path = Package.swift; sourceTree = "<group>"; };
		OBJ_9 /* Cachy.swift */ = {isa = PBXFileReference; path = Cachy.swift; sourceTree = "<group>"; };
/* End PBXFileReference section */

/* Begin PBXFrameworksBuildPhase section */
		7EE3FD3416110854FE0BEC52 /* Frameworks */ = {
			isa = PBXFrameworksBuildPhase;
			buildActionMask = 2147483647;
			files = (
				8B64E2B0B8A3EC2FF59B9689 /* Pods_CachyPackageDescription.framework in Frameworks */,
			);
			runOnlyForDeploymentPostprocessing = 0;
		};
		OBJ_33 /* Frameworks */ = {
			isa = PBXFrameworksBuildPhase;
			files = (
				ACFA1C8CDF3B26C0C453AC0C /* Pods_Cachy.framework in Frameworks */,
			);
		};
		OBJ_52 /* Frameworks */ = {
			isa = PBXFrameworksBuildPhase;
			files = (
				OBJ_53 /* Cachy.framework in Frameworks */,
				E05EDDD06DBF04C8905AA18D /* Pods_CachyTests.framework in Frameworks */,
			);
		};
/* End PBXFrameworksBuildPhase section */

/* Begin PBXGroup section */
		7D43367D42D5866FFB93EAF6 /* Pods */ = {
			isa = PBXGroup;
			children = (
				C47FD5F3413D46AB0CD1EC74 /* Pods-Cachy.debug.xcconfig */,
				03EE67DCB2253A4AAF8CFECA /* Pods-Cachy.release.xcconfig */,
				024371356B827B9F5015B911 /* Pods-CachyPackageDescription.debug.xcconfig */,
				B3D990A6BD463FDB7E472297 /* Pods-CachyPackageDescription.release.xcconfig */,
				ADDC2F416A9FFF37EB687ABC /* Pods-CachyTests.debug.xcconfig */,
				40671C1F4136C0A20894D9CC /* Pods-CachyTests.release.xcconfig */,
			);
			name = Pods;
			path = Pods;
			sourceTree = "<group>";
		};
		D0C4082A1E071434C5A065A7 /* Frameworks */ = {
			isa = PBXGroup;
			children = (
				419555A88E3BA8DA826534CE /* Pods_Cachy.framework */,
				51A05123B45B98BE699FC6D1 /* Pods_CachyPackageDescription.framework */,
				574475AE4BEAE1F78CDF9467 /* Pods_CachyTests.framework */,
			);
			name = Frameworks;
			sourceTree = "<group>";
		};
		OBJ_13 /* Tests */ = {
			isa = PBXGroup;
			children = (
				OBJ_14 /* CachyTests */,
			);
			name = Tests;
			path = "";
			sourceTree = SOURCE_ROOT;
		};
		OBJ_14 /* CachyTests */ = {
			isa = PBXGroup;
			children = (
				OBJ_15 /* CachyTests.swift */,
				OBJ_16 /* XCTestManifests.swift */,
			);
			name = CachyTests;
			path = Tests/CachyTests;
			sourceTree = SOURCE_ROOT;
		};
		OBJ_17 /* Products */ = {
			isa = PBXGroup;
			children = (
				Cachy::CachyTests::Product /* CachyTests.xctest */,
				Cachy::Cachy::Product /* Cachy.framework */,
			);
			name = Products;
			path = "";
			sourceTree = BUILT_PRODUCTS_DIR;
		};
		OBJ_5 = {
			isa = PBXGroup;
			children = (
				OBJ_6 /* Package.swift */,
				OBJ_7 /* Sources */,
				OBJ_13 /* Tests */,
				OBJ_17 /* Products */,
				OBJ_20 /* Example */,
				OBJ_21 /* LICENSE */,
				OBJ_22 /* CachyKit.podspec */,
				OBJ_23 /* README.md */,
				7D43367D42D5866FFB93EAF6 /* Pods */,
				D0C4082A1E071434C5A065A7 /* Frameworks */,
			);
			path = "";
			sourceTree = "<group>";
		};
		OBJ_7 /* Sources */ = {
			isa = PBXGroup;
			children = (
				OBJ_8 /* Cachy */,
			);
			name = Sources;
			path = "";
			sourceTree = SOURCE_ROOT;
		};
		OBJ_8 /* Cachy */ = {
			isa = PBXGroup;
			children = (
				OBJ_9 /* Cachy.swift */,
				OBJ_10 /* CachyLoader.swift */,
				OBJ_11 /* CachyObject.swift */,
				OBJ_12 /* CachyUIImage.swift */,
			);
			name = Cachy;
			path = Sources/Cachy;
			sourceTree = SOURCE_ROOT;
		};
/* End PBXGroup section */

/* Begin PBXNativeTarget section */
		Cachy::Cachy /* Cachy */ = {
			isa = PBXNativeTarget;
			buildConfigurationList = OBJ_25 /* Build configuration list for PBXNativeTarget "Cachy" */;
			buildPhases = (
				37CAE8DFD5933A2F19F3DCFF /* [CP] Check Pods Manifest.lock */,
				OBJ_28 /* Sources */,
				OBJ_33 /* Frameworks */,
			);
			buildRules = (
			);
			dependencies = (
			);
			name = Cachy;
			productName = Cachy;
			productReference = Cachy::Cachy::Product /* Cachy.framework */;
			productType = "com.apple.product-type.framework";
		};
		Cachy::CachyTests /* CachyTests */ = {
			isa = PBXNativeTarget;
			buildConfigurationList = OBJ_46 /* Build configuration list for PBXNativeTarget "CachyTests" */;
			buildPhases = (
				1E151F8E504274ECD25BF74A /* [CP] Check Pods Manifest.lock */,
				OBJ_49 /* Sources */,
				OBJ_52 /* Frameworks */,
			);
			buildRules = (
			);
			dependencies = (
				OBJ_54 /* PBXTargetDependency */,
			);
			name = CachyTests;
			productName = CachyTests;
			productReference = Cachy::CachyTests::Product /* CachyTests.xctest */;
			productType = "com.apple.product-type.bundle.unit-test";
		};
		Cachy::SwiftPMPackageDescription /* CachyPackageDescription */ = {
			isa = PBXNativeTarget;
			buildConfigurationList = OBJ_35 /* Build configuration list for PBXNativeTarget "CachyPackageDescription" */;
			buildPhases = (
				7C00DEE1551375C8E12E8D24 /* [CP] Check Pods Manifest.lock */,
				OBJ_38 /* Sources */,
				7EE3FD3416110854FE0BEC52 /* Frameworks */,
			);
			buildRules = (
			);
			dependencies = (
			);
			name = CachyPackageDescription;
			productName = CachyPackageDescription;
			productType = "com.apple.product-type.framework";
		};
/* End PBXNativeTarget section */

/* Begin PBXProject section */
		OBJ_1 /* Project object */ = {
			isa = PBXProject;
			attributes = {
				LastSwiftMigration = 9999;
				LastUpgradeCheck = 9999;
			};
			buildConfigurationList = OBJ_2 /* Build configuration list for PBXProject "Cachy" */;
			compatibilityVersion = "Xcode 3.2";
			developmentRegion = English;
			hasScannedForEncodings = 0;
			knownRegions = (
				en,
			);
			mainGroup = OBJ_5;
			productRefGroup = OBJ_17 /* Products */;
			projectDirPath = .;
			targets = (
				Cachy::Cachy /* Cachy */,
				Cachy::SwiftPMPackageDescription /* CachyPackageDescription */,
				Cachy::CachyPackageTests::ProductTarget /* CachyPackageTests */,
				Cachy::CachyTests /* CachyTests */,
			);
		};
/* End PBXProject section */

/* Begin PBXShellScriptBuildPhase section */
		1E151F8E504274ECD25BF74A /* [CP] Check Pods Manifest.lock */ = {
			isa = PBXShellScriptBuildPhase;
			buildActionMask = 2147483647;
			files = (
			);
			inputFileListPaths = (
			);
			inputPaths = (
				"${PODS_PODFILE_DIR_PATH}/Podfile.lock",
				"${PODS_ROOT}/Manifest.lock",
			);
			name = "[CP] Check Pods Manifest.lock";
			outputFileListPaths = (
			);
			outputPaths = (
				"$(DERIVED_FILE_DIR)/Pods-CachyTests-checkManifestLockResult.txt",
			);
			runOnlyForDeploymentPostprocessing = 0;
			shellPath = /bin/sh;
			shellScript = "diff \"${PODS_PODFILE_DIR_PATH}/Podfile.lock\" \"${PODS_ROOT}/Manifest.lock\" > /dev/null\nif [ $? != 0 ] ; then\n    # print error to STDERR\n    echo \"error: The sandbox is not in sync with the Podfile.lock. Run 'pod install' or update your CocoaPods installation.\" >&2\n    exit 1\nfi\n# This output is used by Xcode 'outputs' to avoid re-running this script phase.\necho \"SUCCESS\" > \"${SCRIPT_OUTPUT_FILE_0}\"\n";
			showEnvVarsInLog = 0;
		};
		37CAE8DFD5933A2F19F3DCFF /* [CP] Check Pods Manifest.lock */ = {
			isa = PBXShellScriptBuildPhase;
			buildActionMask = 2147483647;
			files = (
			);
			inputFileListPaths = (
			);
			inputPaths = (
				"${PODS_PODFILE_DIR_PATH}/Podfile.lock",
				"${PODS_ROOT}/Manifest.lock",
			);
			name = "[CP] Check Pods Manifest.lock";
			outputFileListPaths = (
			);
			outputPaths = (
				"$(DERIVED_FILE_DIR)/Pods-Cachy-checkManifestLockResult.txt",
			);
			runOnlyForDeploymentPostprocessing = 0;
			shellPath = /bin/sh;
			shellScript = "diff \"${PODS_PODFILE_DIR_PATH}/Podfile.lock\" \"${PODS_ROOT}/Manifest.lock\" > /dev/null\nif [ $? != 0 ] ; then\n    # print error to STDERR\n    echo \"error: The sandbox is not in sync with the Podfile.lock. Run 'pod install' or update your CocoaPods installation.\" >&2\n    exit 1\nfi\n# This output is used by Xcode 'outputs' to avoid re-running this script phase.\necho \"SUCCESS\" > \"${SCRIPT_OUTPUT_FILE_0}\"\n";
			showEnvVarsInLog = 0;
		};
		7C00DEE1551375C8E12E8D24 /* [CP] Check Pods Manifest.lock */ = {
			isa = PBXShellScriptBuildPhase;
			buildActionMask = 2147483647;
			files = (
			);
			inputFileListPaths = (
			);
			inputPaths = (
				"${PODS_PODFILE_DIR_PATH}/Podfile.lock",
				"${PODS_ROOT}/Manifest.lock",
			);
			name = "[CP] Check Pods Manifest.lock";
			outputFileListPaths = (
			);
			outputPaths = (
				"$(DERIVED_FILE_DIR)/Pods-CachyPackageDescription-checkManifestLockResult.txt",
			);
			runOnlyForDeploymentPostprocessing = 0;
			shellPath = /bin/sh;
			shellScript = "diff \"${PODS_PODFILE_DIR_PATH}/Podfile.lock\" \"${PODS_ROOT}/Manifest.lock\" > /dev/null\nif [ $? != 0 ] ; then\n    # print error to STDERR\n    echo \"error: The sandbox is not in sync with the Podfile.lock. Run 'pod install' or update your CocoaPods installation.\" >&2\n    exit 1\nfi\n# This output is used by Xcode 'outputs' to avoid re-running this script phase.\necho \"SUCCESS\" > \"${SCRIPT_OUTPUT_FILE_0}\"\n";
			showEnvVarsInLog = 0;
		};
/* End PBXShellScriptBuildPhase section */

/* Begin PBXSourcesBuildPhase section */
		OBJ_28 /* Sources */ = {
			isa = PBXSourcesBuildPhase;
			files = (
				OBJ_29 /* Cachy.swift in Sources */,
				OBJ_30 /* CachyLoader.swift in Sources */,
				OBJ_31 /* CachyObject.swift in Sources */,
				OBJ_32 /* CachyUIImage.swift in Sources */,
			);
		};
		OBJ_38 /* Sources */ = {
			isa = PBXSourcesBuildPhase;
			files = (
				OBJ_39 /* Package.swift in Sources */,
			);
		};
		OBJ_49 /* Sources */ = {
			isa = PBXSourcesBuildPhase;
			files = (
				OBJ_50 /* CachyTests.swift in Sources */,
				OBJ_51 /* XCTestManifests.swift in Sources */,
			);
		};
/* End PBXSourcesBuildPhase section */

/* Begin PBXTargetDependency section */
		OBJ_44 /* PBXTargetDependency */ = {
			isa = PBXTargetDependency;
			target = Cachy::CachyTests /* CachyTests */;
		};
		OBJ_54 /* PBXTargetDependency */ = {
			isa = PBXTargetDependency;
			target = Cachy::Cachy /* Cachy */;
		};
/* End PBXTargetDependency section */

/* Begin XCBuildConfiguration section */
		OBJ_26 /* Debug */ = {
			isa = XCBuildConfiguration;
			baseConfigurationReference = C47FD5F3413D46AB0CD1EC74 /* Pods-Cachy.debug.xcconfig */;
			buildSettings = {
				ENABLE_TESTABILITY = YES;
				FRAMEWORK_SEARCH_PATHS = (
					"$(inherited)",
					"$(PLATFORM_DIR)/Developer/Library/Frameworks",
				);
				HEADER_SEARCH_PATHS = "$(inherited)";
				INFOPLIST_FILE = Cachy.xcodeproj/Cachy_Info.plist;
				IPHONEOS_DEPLOYMENT_TARGET = 8.0;
				LD_RUNPATH_SEARCH_PATHS = "$(inherited) $(TOOLCHAIN_DIR)/usr/lib/swift/macosx";
				MACOSX_DEPLOYMENT_TARGET = 10.10;
				OTHER_CFLAGS = "$(inherited)";
				OTHER_LDFLAGS = "$(inherited)";
				OTHER_SWIFT_FLAGS = "$(inherited)";
				PRODUCT_BUNDLE_IDENTIFIER = Cachy;
				PRODUCT_MODULE_NAME = "$(TARGET_NAME:c99extidentifier)";
				PRODUCT_NAME = "$(TARGET_NAME:c99extidentifier)";
				SKIP_INSTALL = YES;
				SWIFT_ACTIVE_COMPILATION_CONDITIONS = "$(inherited)";
				SWIFT_VERSION = 5.0;
				TARGET_NAME = Cachy;
				TVOS_DEPLOYMENT_TARGET = 9.0;
				WATCHOS_DEPLOYMENT_TARGET = 2.0;
			};
			name = Debug;
		};
		OBJ_27 /* Release */ = {
			isa = XCBuildConfiguration;
			baseConfigurationReference = 03EE67DCB2253A4AAF8CFECA /* Pods-Cachy.release.xcconfig */;
			buildSettings = {
				ENABLE_TESTABILITY = YES;
				FRAMEWORK_SEARCH_PATHS = (
					"$(inherited)",
					"$(PLATFORM_DIR)/Developer/Library/Frameworks",
				);
				HEADER_SEARCH_PATHS = "$(inherited)";
				INFOPLIST_FILE = Cachy.xcodeproj/Cachy_Info.plist;
				IPHONEOS_DEPLOYMENT_TARGET = 8.0;
				LD_RUNPATH_SEARCH_PATHS = "$(inherited) $(TOOLCHAIN_DIR)/usr/lib/swift/macosx";
				MACOSX_DEPLOYMENT_TARGET = 10.10;
				OTHER_CFLAGS = "$(inherited)";
				OTHER_LDFLAGS = "$(inherited)";
				OTHER_SWIFT_FLAGS = "$(inherited)";
				PRODUCT_BUNDLE_IDENTIFIER = Cachy;
				PRODUCT_MODULE_NAME = "$(TARGET_NAME:c99extidentifier)";
				PRODUCT_NAME = "$(TARGET_NAME:c99extidentifier)";
				SKIP_INSTALL = YES;
				SWIFT_ACTIVE_COMPILATION_CONDITIONS = "$(inherited)";
				SWIFT_VERSION = 5.0;
				TARGET_NAME = Cachy;
				TVOS_DEPLOYMENT_TARGET = 9.0;
				WATCHOS_DEPLOYMENT_TARGET = 2.0;
			};
			name = Release;
		};
		OBJ_3 /* Debug */ = {
			isa = XCBuildConfiguration;
			buildSettings = {
				CLANG_ENABLE_OBJC_ARC = YES;
				COMBINE_HIDPI_IMAGES = YES;
				COPY_PHASE_STRIP = NO;
				DEBUG_INFORMATION_FORMAT = dwarf;
				DYLIB_INSTALL_NAME_BASE = "@rpath";
				ENABLE_NS_ASSERTIONS = YES;
				GCC_OPTIMIZATION_LEVEL = 0;
				GCC_PREPROCESSOR_DEFINITIONS = (
					"$(inherited)",
					"SWIFT_PACKAGE=1",
					"DEBUG=1",
				);
				MACOSX_DEPLOYMENT_TARGET = 10.10;
				ONLY_ACTIVE_ARCH = YES;
				OTHER_SWIFT_FLAGS = "-DXcode";
				PRODUCT_NAME = "$(TARGET_NAME)";
				SDKROOT = macosx;
				SUPPORTED_PLATFORMS = "macosx iphoneos iphonesimulator appletvos appletvsimulator watchos watchsimulator";
				SWIFT_ACTIVE_COMPILATION_CONDITIONS = "$(inherited) SWIFT_PACKAGE DEBUG";
				SWIFT_OPTIMIZATION_LEVEL = "-Onone";
				USE_HEADERMAP = NO;
			};
			name = Debug;
		};
		OBJ_36 /* Debug */ = {
			isa = XCBuildConfiguration;
			baseConfigurationReference = 024371356B827B9F5015B911 /* Pods-CachyPackageDescription.debug.xcconfig */;
			buildSettings = {
				LD = /usr/bin/true;
				OTHER_SWIFT_FLAGS = "-swift-version 5 -I $(TOOLCHAIN_DIR)/usr/lib/swift/pm/4_2 -target x86_64-apple-macosx10.10 -sdk /Applications/Xcode.app/Contents/Developer/Platforms/MacOSX.platform/Developer/SDKs/MacOSX10.14.sdk";
				SWIFT_VERSION = 5.0;
			};
			name = Debug;
		};
		OBJ_37 /* Release */ = {
			isa = XCBuildConfiguration;
			baseConfigurationReference = B3D990A6BD463FDB7E472297 /* Pods-CachyPackageDescription.release.xcconfig */;
			buildSettings = {
				LD = /usr/bin/true;
				OTHER_SWIFT_FLAGS = "-swift-version 5 -I $(TOOLCHAIN_DIR)/usr/lib/swift/pm/4_2 -target x86_64-apple-macosx10.10 -sdk /Applications/Xcode.app/Contents/Developer/Platforms/MacOSX.platform/Developer/SDKs/MacOSX10.14.sdk";
				SWIFT_VERSION = 5.0;
			};
			name = Release;
		};
		OBJ_4 /* Release */ = {
			isa = XCBuildConfiguration;
			buildSettings = {
				CLANG_ENABLE_OBJC_ARC = YES;
				COMBINE_HIDPI_IMAGES = YES;
				COPY_PHASE_STRIP = YES;
				DEBUG_INFORMATION_FORMAT = "dwarf-with-dsym";
				DYLIB_INSTALL_NAME_BASE = "@rpath";
				GCC_OPTIMIZATION_LEVEL = s;
				GCC_PREPROCESSOR_DEFINITIONS = (
					"$(inherited)",
					"SWIFT_PACKAGE=1",
				);
				MACOSX_DEPLOYMENT_TARGET = 10.10;
				OTHER_SWIFT_FLAGS = "-DXcode";
				PRODUCT_NAME = "$(TARGET_NAME)";
				SDKROOT = macosx;
				SUPPORTED_PLATFORMS = "macosx iphoneos iphonesimulator appletvos appletvsimulator watchos watchsimulator";
				SWIFT_ACTIVE_COMPILATION_CONDITIONS = "$(inherited) SWIFT_PACKAGE";
				SWIFT_OPTIMIZATION_LEVEL = "-Owholemodule";
				USE_HEADERMAP = NO;
			};
			name = Release;
		};
		OBJ_42 /* Debug */ = {
			isa = XCBuildConfiguration;
			buildSettings = {
			};
			name = Debug;
		};
		OBJ_43 /* Release */ = {
			isa = XCBuildConfiguration;
			buildSettings = {
			};
			name = Release;
		};
		OBJ_47 /* Debug */ = {
			isa = XCBuildConfiguration;
			baseConfigurationReference = ADDC2F416A9FFF37EB687ABC /* Pods-CachyTests.debug.xcconfig */;
			buildSettings = {
				CLANG_ENABLE_MODULES = YES;
				EMBEDDED_CONTENT_CONTAINS_SWIFT = YES;
				FRAMEWORK_SEARCH_PATHS = (
					"$(inherited)",
					"$(PLATFORM_DIR)/Developer/Library/Frameworks",
				);
				HEADER_SEARCH_PATHS = "$(inherited)";
				INFOPLIST_FILE = Cachy.xcodeproj/CachyTests_Info.plist;
				IPHONEOS_DEPLOYMENT_TARGET = 8.0;
				LD_RUNPATH_SEARCH_PATHS = "$(inherited) @loader_path/../Frameworks @loader_path/Frameworks";
				MACOSX_DEPLOYMENT_TARGET = 10.10;
				OTHER_CFLAGS = "$(inherited)";
				OTHER_LDFLAGS = "$(inherited)";
				OTHER_SWIFT_FLAGS = "$(inherited)";
				SWIFT_ACTIVE_COMPILATION_CONDITIONS = "$(inherited)";
				SWIFT_VERSION = 5.0;
				TARGET_NAME = CachyTests;
				TVOS_DEPLOYMENT_TARGET = 9.0;
				WATCHOS_DEPLOYMENT_TARGET = 2.0;
			};
			name = Debug;
		};
		OBJ_48 /* Release */ = {
			isa = XCBuildConfiguration;
			baseConfigurationReference = 40671C1F4136C0A20894D9CC /* Pods-CachyTests.release.xcconfig */;
			buildSettings = {
				CLANG_ENABLE_MODULES = YES;
				EMBEDDED_CONTENT_CONTAINS_SWIFT = YES;
				FRAMEWORK_SEARCH_PATHS = (
					"$(inherited)",
					"$(PLATFORM_DIR)/Developer/Library/Frameworks",
				);
				HEADER_SEARCH_PATHS = "$(inherited)";
				INFOPLIST_FILE = Cachy.xcodeproj/CachyTests_Info.plist;
				IPHONEOS_DEPLOYMENT_TARGET = 8.0;
				LD_RUNPATH_SEARCH_PATHS = "$(inherited) @loader_path/../Frameworks @loader_path/Frameworks";
				MACOSX_DEPLOYMENT_TARGET = 10.10;
				OTHER_CFLAGS = "$(inherited)";
				OTHER_LDFLAGS = "$(inherited)";
				OTHER_SWIFT_FLAGS = "$(inherited)";
				SWIFT_ACTIVE_COMPILATION_CONDITIONS = "$(inherited)";
				SWIFT_VERSION = 5.0;
				TARGET_NAME = CachyTests;
				TVOS_DEPLOYMENT_TARGET = 9.0;
				WATCHOS_DEPLOYMENT_TARGET = 2.0;
			};
			name = Release;
		};
/* End XCBuildConfiguration section */

/* Begin XCConfigurationList section */
		OBJ_2 /* Build configuration list for PBXProject "Cachy" */ = {
			isa = XCConfigurationList;
			buildConfigurations = (
				OBJ_3 /* Debug */,
				OBJ_4 /* Release */,
			);
			defaultConfigurationIsVisible = 0;
			defaultConfigurationName = Release;
		};
		OBJ_25 /* Build configuration list for PBXNativeTarget "Cachy" */ = {
			isa = XCConfigurationList;
			buildConfigurations = (
				OBJ_26 /* Debug */,
				OBJ_27 /* Release */,
			);
			defaultConfigurationIsVisible = 0;
			defaultConfigurationName = Release;
		};
		OBJ_35 /* Build configuration list for PBXNativeTarget "CachyPackageDescription" */ = {
			isa = XCConfigurationList;
			buildConfigurations = (
				OBJ_36 /* Debug */,
				OBJ_37 /* Release */,
			);
			defaultConfigurationIsVisible = 0;
			defaultConfigurationName = Release;
		};
		OBJ_41 /* Build configuration list for PBXAggregateTarget "CachyPackageTests" */ = {
			isa = XCConfigurationList;
			buildConfigurations = (
				OBJ_42 /* Debug */,
				OBJ_43 /* Release */,
			);
			defaultConfigurationIsVisible = 0;
			defaultConfigurationName = Release;
		};
		OBJ_46 /* Build configuration list for PBXNativeTarget "CachyTests" */ = {
			isa = XCConfigurationList;
			buildConfigurations = (
				OBJ_47 /* Debug */,
				OBJ_48 /* Release */,
			);
			defaultConfigurationIsVisible = 0;
			defaultConfigurationName = Release;
		};
/* End XCConfigurationList section */
	};
	rootObject = OBJ_1 /* Project object */;
}
